
Microsoft Visual Studio Solution File, Format Version 12.00
# Visual Studio Version 17
VisualStudioVersion = 17.8.34330.188
MinimumVisualStudioVersion = 10.0.40219.1
Project("{8BC9CEB8-8B4A-11D0-8D11-00A0C91BC942}") = "20240123_M_Copy", "20240123_M_Copy.vcxproj", "{249BD9B9-BE4E-4AA4-A4D3-187368739CEC}"
EndProject
Global
	GlobalSection(SolutionConfigurationPlatforms) = preSolution
		Debug|x64 = Debug|x64
		Debug|x86 = Debug|x86
		Release|x64 = Release|x64
		Release|x86 = Release|x86
	EndGlobalSection
	GlobalSection(ProjectConfigurationPlatforms) = postSolution
		{249BD9B9-BE4E-4AA4-A4D3-187368739CEC}.Debug|x64.ActiveCfg = Debug|x64
		{249BD9B9-BE4E-4AA4-A4D3-187368739CEC}.Debug|x64.Build.0 = Debug|x64
		{249BD9B9-BE4E-4AA4-A4D3-187368739CEC}.Debug|x86.ActiveCfg = Debug|Win32
		{249BD9B9-BE4E-4AA4-A4D3-187368739CEC}.Debug|x86.Build.0 = Debug|Win32
		{249BD9B9-BE4E-4AA4-A4D3-187368739CEC}.Release|x64.ActiveCfg = Release|x64
		{249BD9B9-BE4E-4AA4-A4D3-187368739CEC}.Release|x64.Build.0 = Release|x64
		{249BD9B9-BE4E-4AA4-A4D3-187368739CEC}.Release|x86.ActiveCfg = Release|Win32
		{249BD9B9-BE4E-4AA4-A4D3-187368739CEC}.Release|x86.Build.0 = Release|Win32
	EndGlobalSection
	GlobalSection(SolutionProperties) = preSolution
		HideSolutionNode = FALSE
	EndGlobalSection
	GlobalSection(ExtensibilityGlobals) = postSolution
		SolutionGuid = {8B125B11-C1A8-490B-AA8D-EB1A6FBB3ED1}
	EndGlobalSection
EndGlobal
